version = 1
revision = 3
requires-python = ">=3.13"

[[package]]
name = "canlecbackend"
version = "0.1.0"
source = { virtual = "." }
dependencies = [
    { name = "pygal" },
]

[package.metadata]
requires-dist = [{ name = "pygal", specifier = ">=3.1.0" }]

[[package]]
name = "importlib-metadata"
version = "8.7.1"
source = { registry = "https://pypi.org/simple" }
dependencies = [
    { name = "zipp" },
]
sdist = { url = "https://files.pythonhosted.org/packages/f3/49/3b30cad09e7771a4982d9975a8cbf64f00d4a1ececb53297f1d9a7be1b10/importlib_metadata-8.7.1.tar.gz", hash = "sha256:49fef1ae6440c182052f407c8d34a68f72efc36db9ca90dc0113398f2fdde8bb", size = 57107, upload-time = "2025-12-21T10:00:19.278Z" }
wheels = [
    { url = "https://files.pythonhosted.org/packages/fa/5e/f8e9a1d23b9c20a551a8a02ea3637b4642e22c2626e3a13a9a29cdea99eb/importlib_metadata-8.7.1-py3-none-any.whl", hash = "sha256:5a1f80bf1daa489495071efbb095d75a634cf28a8bc299581244063b53176151", size = 27865, upload-time = "2025-12-21T10:00:18.329Z" },
]

[[package]]
name = "pygal"
version = "3.1.0"
source = { registry = "https://pypi.org/simple" }
dependencies = [
    { name = "importlib-metadata" },
]
sdist = { url = "https://files.pythonhosted.org/packages/b0/b6/04176faeb312c84d7f9bc1a810f96ee38d15597e226bb9bda59f3a5cb122/pygal-3.1.0.tar.gz", hash = "sha256:fbdee7351a7423e7907fb8a9c3b77305f6b5678cb2e6fd0db36a8825e42955ec", size = 81006, upload-time = "2025-12-09T10:29:19.587Z" }
wheels = [
    { url = "https://files.pythonhosted.org/packages/0b/4c/2862dd25352fe4b22ec7760d4fa12cb692587cd7ec3e378cbf644fc0d2a8/pygal-3.1.0-py3-none-any.whl", hash = "sha256:4e923490f3490c90c481f4535fa3adcda20ff374257ab9d8ae897f91b632c0bb", size = 130171, upload-time = "2025-12-09T10:29:16.721Z" },
]

[[package]]
name = "zipp"
version = "3.23.0"
source = { registry = "https://pypi.org/simple" }
sdist = { url = "https://files.pythonhosted.org/packages/e3/02/0f2892c661036d50ede074e376733dca2ae7c6eb617489437771209d4180/zipp-3.23.0.tar.gz", hash = "sha256:a07157588a12518c9d4034df3fbbee09c814741a33ff63c05fa29d26a2404166", size = 25547, upload-time = "2025-06-08T17:06:39.4Z" }
wheels = [
    { url = "https://files.pythonhosted.org/packages/2e/54/647ade08bf0db230bfea292f893923872fd20be6ac6f53b2b936ba839d75/zipp-3.23.0-py3-none-any.whl", hash = "sha256:071652d6115ed432f5ce1d34c336c0adfd6a884660d1e9712a256d3d3bd4b14e", size = 10276, upload-time = "2025-06-08T17:06:38.034Z" },
]
